Microsoft Visual Studio Solution File, Format Version 12.00
# Visual Studio Version 17
VisualStudioVersion = 17.0.32112.339
MinimumVisualStudioVersion = 10.0.40219.1
Project("{9A19103F-16F7-4668-BE54-9A1E7A4F7556}") = "Fragments.WebApi", "Fragments.WebApi\Fragments.WebApi.csproj", "{415CB5E9-7243-4B3D-B4DA-5CC28C411AFA}"
EndProject
Project("{FAE04EC0-301F-11D3-BF4B-00C04F79EFBC}") = "Fragments.Data", "Fragments.Data\Fragments.Data.csproj", "{DE1B14C0-8F12-4FBB-A24F-796833EEE879}"
EndProject
Project("{FAE04EC0-301F-11D3-BF4B-00C04F79EFBC}") = "Fragments.Domain", "Fragments.Domain\Fragments.Domain.csproj", "{18CDAC18-13CE-45A0-9BD7-6C4C9C45EC82}"
EndProject
Global
	GlobalSection(SolutionConfigurationPlatforms) = preSolution
		Debug|Any CPU = Debug|Any CPU
		Release|Any CPU = Release|Any CPU
	EndGlobalSection
	GlobalSection(ProjectConfigurationPlatforms) = postSolution
		{415CB5E9-7243-4B3D-B4DA-5CC28C411AFA}.Debug|Any CPU.ActiveCfg = Debug|Any CPU
		{415CB5E9-7243-4B3D-B4DA-5CC28C411AFA}.Debug|Any CPU.Build.0 = Debug|Any CPU
		{415CB5E9-7243-4B3D-B4DA-5CC28C411AFA}.Release|Any CPU.ActiveCfg = Release|Any CPU
		{415CB5E9-7243-4B3D-B4DA-5CC28C411AFA}.Release|Any CPU.Build.0 = Release|Any CPU
		{DE1B14C0-8F12-4FBB-A24F-796833EEE879}.Debug|Any CPU.ActiveCfg = Debug|Any CPU
		{DE1B14C0-8F12-4FBB-A24F-796833EEE879}.Debug|Any CPU.Build.0 = Debug|Any CPU
		{DE1B14C0-8F12-4FBB-A24F-796833EEE879}.Release|Any CPU.ActiveCfg = Release|Any CPU
		{DE1B14C0-8F12-4FBB-A24F-796833EEE879}.Release|Any CPU.Build.0 = Release|Any CPU
		{18CDAC18-13CE-45A0-9BD7-6C4C9C45EC82}.Debug|Any CPU.ActiveCfg = Debug|Any CPU
		{18CDAC18-13CE-45A0-9BD7-6C4C9C45EC82}.Debug|Any CPU.Build.0 = Debug|Any CPU
		{18CDAC18-13CE-45A0-9BD7-6C4C9C45EC82}.Release|Any CPU.ActiveCfg = Release|Any CPU
		{18CDAC18-13CE-45A0-9BD7-6C4C9C45EC82}.Release|Any CPU.Build.0 = Release|Any CPU
	EndGlobalSection
	GlobalSection(SolutionProperties) = preSolution
		HideSolutionNode = FALSE
	EndGlobalSection
	GlobalSection(ExtensibilityGlobals) = postSolution
		SolutionGuid = {5429B00D-FC99-4A9C-8F0F-5B2CF04E6787}
	EndGlobalSection
EndGlobal
