
Microsoft Visual Studio Solution File, Format Version 12.00
# Visual Studio Version 17
VisualStudioVersion = 17.2.32616.157
MinimumVisualStudioVersion = 10.0.40219.1
Project("{9A19103F-16F7-4668-BE54-9A1E7A4F7556}") = "Fragments.WebApi", "Fragments.WebApi\Fragments.WebApi.csproj", "{847AA868-1843-4C2D-9584-CFB4E7B9DA7B}"
EndProject
Project("{9A19103F-16F7-4668-BE54-9A1E7A4F7556}") = "Fragments.Data", "Fragments.Data\Fragments.Data.csproj", "{F67AE52B-37DA-45C9-9520-72F51D0DD9B8}"
EndProject
Project("{9A19103F-16F7-4668-BE54-9A1E7A4F7556}") = "Fragments.Domain", "Fragments.Domain\Fragments.Domain.csproj", "{D8CFCED6-9389-4027-91DF-B681FFFD961A}"
EndProject
Project("{9A19103F-16F7-4668-BE54-9A1E7A4F7556}") = "Fragments.Infrastructure", "Fragments.Infrastructure\Fragments.Infrastructure.csproj", "{401AFB9B-668D-4A66-9E7D-91BE3D78A43B}"
EndProject
Project("{9A19103F-16F7-4668-BE54-9A1E7A4F7556}") = "Fragments.Test", "Fragments.Test\Fragments.Test.csproj", "{E73E9EB8-D7B4-4DCF-8EDF-1B0796C9DC70}"
EndProject
Global
	GlobalSection(SolutionConfigurationPlatforms) = preSolution
		Debug|Any CPU = Debug|Any CPU
		Release|Any CPU = Release|Any CPU
	EndGlobalSection
	GlobalSection(ProjectConfigurationPlatforms) = postSolution
		{847AA868-1843-4C2D-9584-CFB4E7B9DA7B}.Debug|Any CPU.ActiveCfg = Debug|Any CPU
		{847AA868-1843-4C2D-9584-CFB4E7B9DA7B}.Debug|Any CPU.Build.0 = Debug|Any CPU
		{847AA868-1843-4C2D-9584-CFB4E7B9DA7B}.Release|Any CPU.ActiveCfg = Release|Any CPU
		{847AA868-1843-4C2D-9584-CFB4E7B9DA7B}.Release|Any CPU.Build.0 = Release|Any CPU
		{F67AE52B-37DA-45C9-9520-72F51D0DD9B8}.Debug|Any CPU.ActiveCfg = Debug|Any CPU
		{F67AE52B-37DA-45C9-9520-72F51D0DD9B8}.Debug|Any CPU.Build.0 = Debug|Any CPU
		{F67AE52B-37DA-45C9-9520-72F51D0DD9B8}.Release|Any CPU.ActiveCfg = Release|Any CPU
		{F67AE52B-37DA-45C9-9520-72F51D0DD9B8}.Release|Any CPU.Build.0 = Release|Any CPU
		{D8CFCED6-9389-4027-91DF-B681FFFD961A}.Debug|Any CPU.ActiveCfg = Debug|Any CPU
		{D8CFCED6-9389-4027-91DF-B681FFFD961A}.Debug|Any CPU.Build.0 = Debug|Any CPU
		{D8CFCED6-9389-4027-91DF-B681FFFD961A}.Release|Any CPU.ActiveCfg = Release|Any CPU
		{D8CFCED6-9389-4027-91DF-B681FFFD961A}.Release|Any CPU.Build.0 = Release|Any CPU
		{401AFB9B-668D-4A66-9E7D-91BE3D78A43B}.Debug|Any CPU.ActiveCfg = Debug|Any CPU
		{401AFB9B-668D-4A66-9E7D-91BE3D78A43B}.Debug|Any CPU.Build.0 = Debug|Any CPU
		{401AFB9B-668D-4A66-9E7D-91BE3D78A43B}.Release|Any CPU.ActiveCfg = Release|Any CPU
		{401AFB9B-668D-4A66-9E7D-91BE3D78A43B}.Release|Any CPU.Build.0 = Release|Any CPU
		{E73E9EB8-D7B4-4DCF-8EDF-1B0796C9DC70}.Debug|Any CPU.ActiveCfg = Debug|Any CPU
		{E73E9EB8-D7B4-4DCF-8EDF-1B0796C9DC70}.Debug|Any CPU.Build.0 = Debug|Any CPU
		{E73E9EB8-D7B4-4DCF-8EDF-1B0796C9DC70}.Release|Any CPU.ActiveCfg = Release|Any CPU
		{E73E9EB8-D7B4-4DCF-8EDF-1B0796C9DC70}.Release|Any CPU.Build.0 = Release|Any CPU
	EndGlobalSection
	GlobalSection(SolutionProperties) = preSolution
		HideSolutionNode = FALSE
	EndGlobalSection
	GlobalSection(ExtensibilityGlobals) = postSolution
		SolutionGuid = {5698F92D-5277-40B0-A0BB-D2EA21D9ED5B}
	EndGlobalSection
EndGlobal
