
Microsoft Visual Studio Solution File, Format Version 12.00
# Visual Studio Version 17
VisualStudioVersion = 17.0.32112.339
MinimumVisualStudioVersion = 10.0.40219.1
Project("{9A19103F-16F7-4668-BE54-9A1E7A4F7556}") = "Fragments.WebApi", "Fragments.WebApi\Fragments.WebApi.csproj", "{847AA868-1843-4C2D-9584-CFB4E7B9DA7B}"
EndProject
Project("{9A19103F-16F7-4668-BE54-9A1E7A4F7556}") = "Fragments.Data", "Fragments.Data\Fragments.Data.csproj", "{72B481CE-D2DE-4F88-B48C-A3EA7E7AAB36}"
EndProject
Project("{9A19103F-16F7-4668-BE54-9A1E7A4F7556}") = "Fragments.Domain", "Fragments.Domain\Fragments.Domain.csproj", "{345CD27D-C30B-4FC1-9AFA-16ED2AE1B575}"
EndProject
Global
	GlobalSection(SolutionConfigurationPlatforms) = preSolution
		Debug|Any CPU = Debug|Any CPU
		Release|Any CPU = Release|Any CPU
	EndGlobalSection
	GlobalSection(ProjectConfigurationPlatforms) = postSolution
		{847AA868-1843-4C2D-9584-CFB4E7B9DA7B}.Debug|Any CPU.ActiveCfg = Debug|Any CPU
		{847AA868-1843-4C2D-9584-CFB4E7B9DA7B}.Debug|Any CPU.Build.0 = Debug|Any CPU
		{847AA868-1843-4C2D-9584-CFB4E7B9DA7B}.Release|Any CPU.ActiveCfg = Release|Any CPU
		{847AA868-1843-4C2D-9584-CFB4E7B9DA7B}.Release|Any CPU.Build.0 = Release|Any CPU
		{72B481CE-D2DE-4F88-B48C-A3EA7E7AAB36}.Debug|Any CPU.ActiveCfg = Debug|Any CPU
		{72B481CE-D2DE-4F88-B48C-A3EA7E7AAB36}.Debug|Any CPU.Build.0 = Debug|Any CPU
		{72B481CE-D2DE-4F88-B48C-A3EA7E7AAB36}.Release|Any CPU.ActiveCfg = Release|Any CPU
		{72B481CE-D2DE-4F88-B48C-A3EA7E7AAB36}.Release|Any CPU.Build.0 = Release|Any CPU
		{345CD27D-C30B-4FC1-9AFA-16ED2AE1B575}.Debug|Any CPU.ActiveCfg = Debug|Any CPU
		{345CD27D-C30B-4FC1-9AFA-16ED2AE1B575}.Debug|Any CPU.Build.0 = Debug|Any CPU
		{345CD27D-C30B-4FC1-9AFA-16ED2AE1B575}.Release|Any CPU.ActiveCfg = Release|Any CPU
		{345CD27D-C30B-4FC1-9AFA-16ED2AE1B575}.Release|Any CPU.Build.0 = Release|Any CPU
	EndGlobalSection
	GlobalSection(SolutionProperties) = preSolution
		HideSolutionNode = FALSE
	EndGlobalSection
	GlobalSection(ExtensibilityGlobals) = postSolution
		SolutionGuid = {5698F92D-5277-40B0-A0BB-D2EA21D9ED5B}
	EndGlobalSection
EndGlobal
